<?xml version="1.0" encoding="utf-8"?>
<Project ToolsVersion="4.0" xmlns="http://schemas.microsoft.com/developer/msbuild/2003">
  <ItemGroup>
    <Filter Include="Source Files">
      <UniqueIdentifier>{4FC737F1-C7A5-4376-A066-2A32D752A2FF}</UniqueIdentifier>
      <Extensions>cpp;c;cc;cxx;def;odl;idl;hpj;bat;asm;asmx</Extensions>
    </Filter>
    <Filter Include="Source Files\Base64">
      <UniqueIdentifier>{22036121-5a41-4ca0-bba6-ec77b08538c1}</UniqueIdentifier>
    </Filter>
    <Filter Include="Header Files">
      <UniqueIdentifier>{93995380-89BD-4b04-88EB-625FBE52EBFB}</UniqueIdentifier>
      <Extensions>h;hpp;hxx;hm;inl;inc;xsd</Extensions>
    </Filter>
    <Filter Include="Header Files\Base64">
      <UniqueIdentifier>{da1c05cb-97d4-4017-ba44-edde9f07542d}</UniqueIdentifier>
    </Filter>
  </ItemGroup>
  <ItemGroup>
    <ClCompile Include="..\src\tmx-parser\TmxImage.cpp">
      <Filter>Source Files</Filter>
    </ClCompile>
    <ClCompile Include="..\src\tmx-parser\TmxLayer.cpp">
      <Filter>Source Files</Filter>
    </ClCompile>
    <ClCompile Include="..\src\tmx-parser\TmxMap.cpp">
      <Filter>Source Files</Filter>
    </ClCompile>
    <ClCompile Include="..\src\tmx-parser\TmxObject.cpp">
      <Filter>Source Files</Filter>
    </ClCompile>
    <ClCompile Include="..\src\tmx-parser\TmxObjectGroup.cpp">
      <Filter>Source Files</Filter>
    </ClCompile>
    <ClCompile Include="..\src\tmx-parser\TmxPropertySet.cpp">
      <Filter>Source Files</Filter>
    </ClCompile>
    <ClCompile Include="..\src\tmx-parser\TmxTile.cpp">
      <Filter>Source Files</Filter>
    </ClCompile>
    <ClCompile Include="..\src\tmx-parser\TmxTileset.cpp">
      <Filter>Source Files</Filter>
    </ClCompile>
    <ClCompile Include="..\src\tmx-parser\TmxUtil.cpp">
      <Filter>Source Files</Filter>
    </ClCompile>
    <ClCompile Include="..\src\tmx-parser\base64\base64.cpp">
      <Filter>Source Files\Base64</Filter>
    </ClCompile>
    <ClCompile Include="..\src\tmx-parser\TmxPolygon.cpp">
      <Filter>Source Files</Filter>
    </ClCompile>
    <ClCompile Include="..\src\tmx-parser\TmxPolyline.cpp">
      <Filter>Source Files</Filter>
    </ClCompile>
  </ItemGroup>
  <ItemGroup>
    <ClInclude Include="..\src\tmx-parser\Tmx.h">
      <Filter>Header Files</Filter>
    </ClInclude>
    <ClInclude Include="..\src\tmx-parser\TmxImage.h">
      <Filter>Header Files</Filter>
    </ClInclude>
    <ClInclude Include="..\src\tmx-parser\TmxLayer.h">
      <Filter>Header Files</Filter>
    </ClInclude>
    <ClInclude Include="..\src\tmx-parser\TmxMap.h">
      <Filter>Header Files</Filter>
    </ClInclude>
    <ClInclude Include="..\src\tmx-parser\TmxMapTile.h">
      <Filter>Header Files</Filter>
    </ClInclude>
    <ClInclude Include="..\src\tmx-parser\TmxObject.h">
      <Filter>Header Files</Filter>
    </ClInclude>
    <ClInclude Include="..\src\tmx-parser\TmxObjectGroup.h">
      <Filter>Header Files</Filter>
    </ClInclude>
    <ClInclude Include="..\src\tmx-parser\TmxPropertySet.h">
      <Filter>Header Files</Filter>
    </ClInclude>
    <ClInclude Include="..\src\tmx-parser\TmxTile.h">
      <Filter>Header Files</Filter>
    </ClInclude>
    <ClInclude Include="..\src\tmx-parser\TmxTileset.h">
      <Filter>Header Files</Filter>
    </ClInclude>
    <ClInclude Include="..\src\tmx-parser\TmxUtil.h">
      <Filter>Header Files</Filter>
    </ClInclude>
    <ClInclude Include="..\src\tmx-parser\base64\base64.h">
      <Filter>Header Files\Base64</Filter>
    </ClInclude>
    <ClInclude Include="..\src\tmx-parser\TmxPoint.h">
      <Filter>Header Files</Filter>
    </ClInclude>
    <ClInclude Include="..\src\tmx-parser\TmxPolygon.h">
      <Filter>Header Files</Filter>
    </ClInclude>
    <ClInclude Include="..\src\tmx-parser\TmxPolyline.h">
      <Filter>Header Files</Filter>
    </ClInclude>
  </ItemGroup>
</Project>